
Microsoft Visual Studio Solution File, Format Version 12.00
# Visual Studio 14
VisualStudioVersion = 14.0.24720.0
MinimumVisualStudioVersion = 10.0.40219.1
Project("{FAE04EC0-301F-11D3-BF4B-00C04F79EFBC}") = "Domain", "Domain\Domain.csproj", "{67EDE9E1-4BF7-42F6-8E7C-E7CD54D4B5A5}"
EndProject
Project("{2150E333-8FDC-42A3-9474-1A3956D46DE8}") = "Solution Items", "Solution Items", "{8C59458B-CC6A-4CB6-96D7-198113286D51}"
	ProjectSection(SolutionItems) = preProject
		.gitignore = .gitignore
		appveyor.yml = appveyor.yml
		Devserverkey.pem = Devserverkey.pem
		README.md = README.md
	EndProjectSection
EndProject
Project("{FAE04EC0-301F-11D3-BF4B-00C04F79EFBC}") = "Site", "Site\Site.csproj", "{E99EA23D-E524-4C9B-A92C-4D80EF25DE07}"
EndProject
Global
	GlobalSection(SolutionConfigurationPlatforms) = preSolution
		Debug|Any CPU = Debug|Any CPU
		Release|Any CPU = Release|Any CPU
	EndGlobalSection
	GlobalSection(ProjectConfigurationPlatforms) = postSolution
		{67EDE9E1-4BF7-42F6-8E7C-E7CD54D4B5A5}.Debug|Any CPU.ActiveCfg = Debug|Any CPU
		{67EDE9E1-4BF7-42F6-8E7C-E7CD54D4B5A5}.Debug|Any CPU.Build.0 = Debug|Any CPU
		{67EDE9E1-4BF7-42F6-8E7C-E7CD54D4B5A5}.Release|Any CPU.ActiveCfg = Release|Any CPU
		{67EDE9E1-4BF7-42F6-8E7C-E7CD54D4B5A5}.Release|Any CPU.Build.0 = Release|Any CPU
		{E99EA23D-E524-4C9B-A92C-4D80EF25DE07}.Debug|Any CPU.ActiveCfg = Debug|Any CPU
		{E99EA23D-E524-4C9B-A92C-4D80EF25DE07}.Debug|Any CPU.Build.0 = Debug|Any CPU
		{E99EA23D-E524-4C9B-A92C-4D80EF25DE07}.Release|Any CPU.ActiveCfg = Release|Any CPU
		{E99EA23D-E524-4C9B-A92C-4D80EF25DE07}.Release|Any CPU.Build.0 = Release|Any CPU
	EndGlobalSection
	GlobalSection(SolutionProperties) = preSolution
		HideSolutionNode = FALSE
	EndGlobalSection
EndGlobal
